# THIS IS AN AUTOGENERATED FILE. DO NOT EDIT THIS FILE DIRECTLY.
# yarn lockfile v1


"@graphql-tools/utils@^8.6.10":
  version "8.6.10"
  resolved "https://registry.yarnpkg.com/@graphql-tools/utils/-/utils-8.6.10.tgz#38e42a97a74ffcf5a21e816401e2ca1647194f6a"
  integrity sha512-bJH9qwuyM3BP0PTU6/lvBDkk6jdEIOn+dbyk4pHMVNnvbJ1gZQwo62To8SHxxaUTus8OMhhVPSh9ApWXREURcg==
  dependencies:
    tslib "~2.4.0"

graphql@^16.5.0:
  version "16.5.0"
  resolved "https://registry.yarnpkg.com/graphql/-/graphql-16.5.0.tgz#41b5c1182eaac7f3d47164fb247f61e4dfb69c85"
  integrity sha512-qbHgh8Ix+j/qY+a/ZcJnFQ+j8ezakqPiHwPiZhV/3PgGlgf96QMBB5/f2rkiC9sgLoy/xvT6TSiaf2nTHJh5iA==

tslib@~2.4.0:
  version "2.4.0"
  resolved "https://registry.yarnpkg.com/tslib/-/tslib-2.4.0.tgz#7cecaa7f073ce680a05847aa77be941098f36dc3"
  integrity sha512-d6xOpEDfsi2CZVlPQzGeux8XMwLT9hssAsaPYExaQMuYskwb+x1x7J371tWlbBdWHroy99KnVB6qIkUbs5X3UQ==

typescript@^4.6.4:
  version "4.6.4"
  resolved "https://registry.yarnpkg.com/typescript/-/typescript-4.6.4.tgz#caa78bbc3a59e6a5c510d35703f6a09877ce45e9"
  integrity sha512-9ia/jWHIEbo49HfjrLGfKbZSuWo9iTMwXO+Ca3pRsSpbsMbc7/IU8NKdCZVRRBafVPGnoJeFL76ZOAA84I9fEg==
